# This file is automatically @generated by Cargo.
# It is not intended for manual editing.
version = 3

[[package]]
name = "adler2"
version = "2.0.1"
source = "registry+https://github.com/rust-lang/crates.io-index"
checksum = "320119579fcad9c21884f5c4861d16174d0e06250625266f50fe6898340abefa"

[[package]]
name = "block-buffer"
version = "0.10.4"
source = "registry+https://github.com/rust-lang/crates.io-index"
checksum = "3078c7629b62d3f0439517fa394996acacc5cbc91c5a20d8c658e77abd503a71"
dependencies = [
 "generic-array",
]

[[package]]
name = "blowfish"
version = "0.9.1"
source = "registry+https://github.com/rust-lang/crates.io-index"
checksum = "e412e2cd0f2b2d93e02543ceae7917b3c70331573df19ee046bcbc35e45e87d7"
dependencies = [
 "byteorder",
 "cipher",
]

[[package]]
name = "byteorder"
version = "1.5.0"
source = "registry+https://github.com/rust-lang/crates.io-index"
checksum = "1fd0f2584146f6f2ef48085050886acf353beff7305ebd1ae69500e27c67f64b"

[[package]]
name = "cast5"
version = "0.11.1"
source = "registry+https://github.com/rust-lang/crates.io-index"
checksum = "26b07d673db1ccf000e90f54b819db9e75a8348d6eb056e9b8ab53231b7a9911"
dependencies = [
 "cipher",
]

[[package]]
name = "cast6"
version = "0.1.0"
source = "registry+https://github.com/rust-lang/crates.io-index"
checksum = "acd86fe8fd647f9c3ab6e9e25921a58058d89e191aa8c8578bad93cfd4f94588"
dependencies = [
 "cipher",
]

[[package]]
name = "cfg-if"
version = "1.0.4"
source = "registry+https://github.com/rust-lang/crates.io-index"
checksum = "9330f8b2ff13f34540b44e946ef35111825727b38d33286ef986142615121801"

[[package]]
name = "cipher"
version = "0.4.4"
source = "registry+https://github.com/rust-lang/crates.io-index"
checksum = "773f3b9af64447d2ce9850330c473515014aa235e6a783b02db81ff39e4a3dad"
dependencies = [
 "crypto-common",
 "inout",
]

[[package]]
name = "crc32fast"
version = "1.5.1"
source = "registry+https://github.com/rust-lang/crates.io-index"
checksum = "8498c871161e1742aaa9d52551b2d6ebdd4c3d45a3be423e3728f33b955be550"
dependencies = [
 "cfg-if",
]

[[package]]
name = "crypto-common"
version = "0.1.7"
source = "registry+https://github.com/rust-lang/crates.io-index"
checksum = "78c8292055d1c1df0cce5d180393dc8cce0abec0a7102adb6c7b1eef6016d60a"
dependencies = [
 "generic-array",
 "typenum",
]

[[package]]
name = "des"
version = "0.8.1"
source = "registry+https://github.com/rust-lang/crates.io-index"
checksum = "ffdd80ce8ce993de27e9f063a444a4d53ce8e8db4c1f00cc03af5ad5a9867a1e"
dependencies = [
 "cipher",
]

[[package]]
name = "digest"
version = "0.10.7"
source = "registry+https://github.com/rust-lang/crates.io-index"
checksum = "9ed9a281f7bc9b7576e61468ba615a66a5c8cfdff42420a70aa82701a3b1e292"
dependencies = [
 "block-buffer",
 "crypto-common",
]

[[package]]
name = "flate2"
version = "1.1.10"
source = "registry+https://github.com/rust-lang/crates.io-index"
checksum = "6e634e2e0ebac1ee034020da1ca582e17ffe4e0f5e985823721e168928136dcb"
dependencies = [
 "crc32fast",
 "miniz_oxide",
 "zlib-rs",
]

[[package]]
name = "generic-array"
version = "0.14.7"
source = "registry+https://github.com/rust-lang/crates.io-index"
checksum = "85649ca51fd72272d7821adaf274ad91c288277713d9c18820d8499a7ff69e9a"
dependencies = [
 "typenum",
 "version_check",
]

[[package]]
name = "inout"
version = "0.1.4"
source = "registry+https://github.com/rust-lang/crates.io-index"
checksum = "879f10e63c20629ecabbb64a8010319738c66a5cd0c29b02d63d272b03751d01"
dependencies = [
 "generic-array",
]

[[package]]
name = "md-5"
version = "0.10.6"
source = "registry+https://github.com/rust-lang/crates.io-index"
checksum = "d89e7ee0cfbedfc4da3340218492196241d89eefb6dab27de5df917a6d2e78cf"
dependencies = [
 "cfg-if",
 "digest",
]

[[package]]
name = "miniz_oxide"
version = "0.9.1"
source = "registry+https://github.com/rust-lang/crates.io-index"
checksum = "b63fbc4a50860e98e7b2aa7804ded1db5cbc3aff9193adaff57a6931bf7c4b4c"
dependencies = [
 "adler2",
 "simd-adler32",
]

[[package]]
name = "rc2"
version = "0.8.1"
source = "registry+https://github.com/rust-lang/crates.io-index"
checksum = "62c64daa8e9438b84aaae55010a93f396f8e60e3911590fcba770d04643fc1dd"
dependencies = [
 "cipher",
]

[[package]]
name = "serpent"
version = "0.5.1"
source = "registry+https://github.com/rust-lang/crates.io-index"
checksum = "9612829855a70388e7d28342d16fd0d00ab792f9fd82dec0faf797ffc4abbb52"
dependencies = [
 "byteorder",
 "cipher",
]

[[package]]
name = "simd-adler32"
version = "0.3.10"
source = "registry+https://github.com/rust-lang/crates.io-index"
checksum = "3a219298ac11a56ea9a6d2120044824d6f01aeb034955e7af7bc16858527deea"

[[package]]
name = "stegseek-cli"
version = "1.0.0"
dependencies = [
 "stegseek-core",
 "stegseek-crypto",
]

[[package]]
name = "stegseek-core"
version = "1.0.0"
dependencies = [
 "crc32fast",
 "flate2",
 "md-5",
 "stegseek-crypto",
 "stegseek-jpeg",
]

[[package]]
name = "stegseek-crypto"
version = "1.0.0"
dependencies = [
 "blowfish",
 "byteorder",
 "cast5",
 "cast6",
 "cipher",
 "des",
 "md-5",
 "rc2",
 "serpent",
 "twofish",
]

[[package]]
name = "stegseek-jpeg"
version = "1.0.0"

[[package]]
name = "twofish"
version = "0.7.1"
source = "registry+https://github.com/rust-lang/crates.io-index"
checksum = "a78e83a30223c757c3947cd144a31014ff04298d8719ae10d03c31c0448c8013"
dependencies = [
 "cipher",
]

[[package]]
name = "typenum"
version = "1.20.1"
source = "registry+https://github.com/rust-lang/crates.io-index"
checksum = "b6f5e870be6c3b371b77fe0ee0bafb859fa4964b4404c27de1d380043c4dda20"

[[package]]
name = "version_check"
version = "0.9.5"
source = "registry+https://github.com/rust-lang/crates.io-index"
checksum = "0b928f33d975fc6ad9f86c8f283853ad26bdd5b10b7f1542aa2fa15e2289105a"

[[package]]
name = "xtask"
version = "1.0.0"
dependencies = [
 "stegseek-core",
]

[[package]]
name = "zlib-rs"
version = "0.6.7"
source = "registry+https://github.com/rust-lang/crates.io-index"
checksum = "34b31d188d9d685a4f9c7b46d6e36631b07058d2cfe190267adce54dc230bf12"
